// !$*UTF8*$!
{
	archiveVersion = 1;
	classes = {
	};
	objectVersion = 56;
	objects = {

/* Begin PBXBuildFile section */
		BB1883C22991395C00AC7BDA /* AppDelegate.swift in Sources */ = {isa = PBXBuildFile; fileRef = BB1883C12991395C00AC7BDA /* AppDelegate.swift */; };
		BB1883C42991395C00AC7BDA /* SceneDelegate.swift in Sources */ = {isa = PBXBuildFile; fileRef = BB1883C32991395C00AC7BDA /* SceneDelegate.swift */; };
		BB1883CE2991395D00AC7BDA /* Assets.xcassets in Resources */ = {isa = PBXBuildFile; fileRef = BB1883CD2991395D00AC7BDA /* Assets.xcassets */; };
		BB1883D12991395D00AC7BDA /* LaunchScreen.storyboard in Resources */ = {isa = PBXBuildFile; fileRef = BB1883CF2991395D00AC7BDA /* LaunchScreen.storyboard */; };
		BB1883EC29913A4400AC7BDA /* String+Extension.swift in Sources */ = {isa = PBXBuildFile; fileRef = BB1883D829913A4000AC7BDA /* String+Extension.swift */; };
		BB1883ED29913A4400AC7BDA /* APICaller.swift in Sources */ = {isa = PBXBuildFile; fileRef = BB1883D929913A4100AC7BDA /* APICaller.swift */; };
		BB1883EE29913A4400AC7BDA /* MoviesTableVC+CoreDataDelegate.swift in Sources */ = {isa = PBXBuildFile; fileRef = BB1883DA29913A4100AC7BDA /* MoviesTableVC+CoreDataDelegate.swift */; };
		BB1883EF29913A4400AC7BDA /* FavoritesTabViewController.swift in Sources */ = {isa = PBXBuildFile; fileRef = BB1883DB29913A4100AC7BDA /* FavoritesTabViewController.swift */; };
		BB1883F029913A4400AC7BDA /* ImageLoader.swift in Sources */ = {isa = PBXBuildFile; fileRef = BB1883DC29913A4100AC7BDA /* ImageLoader.swift */; };
		BB1883F229913A4400AC7BDA /* ShowDetailsVCViewController.swift in Sources */ = {isa = PBXBuildFile; fileRef = BB1883DE29913A4200AC7BDA /* ShowDetailsVCViewController.swift */; };
		BB1883F329913A4400AC7BDA /* URLSession+Extension.swift in Sources */ = {isa = PBXBuildFile; fileRef = BB1883DF29913A4200AC7BDA /* URLSession+Extension.swift */; };
		BB1883F429913A4400AC7BDA /* MovieModel.swift in Sources */ = {isa = PBXBuildFile; fileRef = BB1883E029913A4200AC7BDA /* MovieModel.swift */; };
		BB1883F529913A4400AC7BDA /* CoreDataStorage.swift in Sources */ = {isa = PBXBuildFile; fileRef = BB1883E129913A4200AC7BDA /* CoreDataStorage.swift */; };
		BB1883F629913A4400AC7BDA /* Movies.xcdatamodeld in Sources */ = {isa = PBXBuildFile; fileRef = BB1883E229913A4200AC7BDA /* Movies.xcdatamodeld */; };
		BB1883F729913A4400AC7BDA /* MoviesTableViewController.swift in Sources */ = {isa = PBXBuildFile; fileRef = BB1883E429913A4300AC7BDA /* MoviesTableViewController.swift */; };
		BB1883F929913A4400AC7BDA /* CoreDataManager.swift in Sources */ = {isa = PBXBuildFile; fileRef = BB1883E629913A4300AC7BDA /* CoreDataManager.swift */; };
		BB1883FA29913A4400AC7BDA /* MovieDTO.swift in Sources */ = {isa = PBXBuildFile; fileRef = BB1883E729913A4300AC7BDA /* MovieDTO.swift */; };
		BB1883FB29913A4400AC7BDA /* MovieImageView.swift in Sources */ = {isa = PBXBuildFile; fileRef = BB1883E829913A4300AC7BDA /* MovieImageView.swift */; };
		BB1883FC29913A4400AC7BDA /* FilterMenu.swift in Sources */ = {isa = PBXBuildFile; fileRef = BB1883E929913A4400AC7BDA /* FilterMenu.swift */; };
		BB1883FD29913A4400AC7BDA /* MovieTableViewCell.swift in Sources */ = {isa = PBXBuildFile; fileRef = BB1883EA29913A4400AC7BDA /* MovieTableViewCell.swift */; };
		BB1883FE29913A4400AC7BDA /* Data+Image.swift in Sources */ = {isa = PBXBuildFile; fileRef = BB1883EB29913A4400AC7BDA /* Data+Image.swift */; };
		BB18840029913A6200AC7BDA /* Main.storyboard in Resources */ = {isa = PBXBuildFile; fileRef = BB1883FF29913A6200AC7BDA /* Main.storyboard */; };
/* End PBXBuildFile section */

/* Begin PBXFileReference section */
		BB1883BE2991395C00AC7BDA /* MoviesApp_Final.app */ = {isa = PBXFileReference; explicitFileType = wrapper.application; includeInIndex = 0; path = MoviesApp_Final.app; sourceTree = BUILT_PRODUCTS_DIR; };
		BB1883C12991395C00AC7BDA /* AppDelegate.swift */ = {isa = PBXFileReference; lastKnownFileType = sourcecode.swift; path = AppDelegate.swift; sourceTree = "<group>"; };
		BB1883C32991395C00AC7BDA /* SceneDelegate.swift */ = {isa = PBXFileReference; lastKnownFileType = sourcecode.swift; path = SceneDelegate.swift; sourceTree = "<group>"; };
		BB1883CD2991395D00AC7BDA /* Assets.xcassets */ = {isa = PBXFileReference; lastKnownFileType = folder.assetcatalog; path = Assets.xcassets; sourceTree = "<group>"; };
		BB1883D02991395D00AC7BDA /* Base */ = {isa = PBXFileReference; lastKnownFileType = file.storyboard; name = Base; path = Base.lproj/LaunchScreen.storyboard; sourceTree = "<group>"; };
		BB1883D22991395D00AC7BDA /* Info.plist */ = {isa = PBXFileReference; lastKnownFileType = text.plist.xml; path = Info.plist; sourceTree = "<group>"; };
		BB1883D829913A4000AC7BDA /* String+Extension.swift */ = {isa = PBXFileReference; fileEncoding = 4; lastKnownFileType = sourcecode.swift; path = "String+Extension.swift"; sourceTree = "<group>"; };
		BB1883D929913A4100AC7BDA /* APICaller.swift */ = {isa = PBXFileReference; fileEncoding = 4; lastKnownFileType = sourcecode.swift; path = APICaller.swift; sourceTree = "<group>"; };
		BB1883DA29913A4100AC7BDA /* MoviesTableVC+CoreDataDelegate.swift */ = {isa = PBXFileReference; fileEncoding = 4; lastKnownFileType = sourcecode.swift; path = "MoviesTableVC+CoreDataDelegate.swift"; sourceTree = "<group>"; };
		BB1883DB29913A4100AC7BDA /* FavoritesTabViewController.swift */ = {isa = PBXFileReference; fileEncoding = 4; lastKnownFileType = sourcecode.swift; path = FavoritesTabViewController.swift; sourceTree = "<group>"; };
		BB1883DC29913A4100AC7BDA /* ImageLoader.swift */ = {isa = PBXFileReference; fileEncoding = 4; lastKnownFileType = sourcecode.swift; path = ImageLoader.swift; sourceTree = "<group>"; };
		BB1883DE29913A4200AC7BDA /* ShowDetailsVCViewController.swift */ = {isa = PBXFileReference; fileEncoding = 4; lastKnownFileType = sourcecode.swift; path = ShowDetailsVCViewController.swift; sourceTree = "<group>"; };
		BB1883DF29913A4200AC7BDA /* URLSession+Extension.swift */ = {isa = PBXFileReference; fileEncoding = 4; lastKnownFileType = sourcecode.swift; path = "URLSession+Extension.swift"; sourceTree = "<group>"; };
		BB1883E029913A4200AC7BDA /* MovieModel.swift */ = {isa = PBXFileReference; fileEncoding = 4; lastKnownFileType = sourcecode.swift; path = MovieModel.swift; sourceTree = "<group>"; };
		BB1883E129913A4200AC7BDA /* CoreDataStorage.swift */ = {isa = PBXFileReference; fileEncoding = 4; lastKnownFileType = sourcecode.swift; path = CoreDataStorage.swift; sourceTree = "<group>"; };
		BB1883E329913A4200AC7BDA /* TestMoviesApp.xcdatamodel */ = {isa = PBXFileReference; lastKnownFileType = wrapper.xcdatamodel; path = TestMoviesApp.xcdatamodel; sourceTree = "<group>"; };
		BB1883E429913A4300AC7BDA /* MoviesTableViewController.swift */ = {isa = PBXFileReference; fileEncoding = 4; lastKnownFileType = sourcecode.swift; path = MoviesTableViewController.swift; sourceTree = "<group>"; };
		BB1883E629913A4300AC7BDA /* CoreDataManager.swift */ = {isa = PBXFileReference; fileEncoding = 4; lastKnownFileType = sourcecode.swift; path = CoreDataManager.swift; sourceTree = "<group>"; };
		BB1883E729913A4300AC7BDA /* MovieDTO.swift */ = {isa = PBXFileReference; fileEncoding = 4; lastKnownFileType = sourcecode.swift; path = MovieDTO.swift; sourceTree = "<group>"; };
		BB1883E829913A4300AC7BDA /* MovieImageView.swift */ = {isa = PBXFileReference; fileEncoding = 4; lastKnownFileType = sourcecode.swift; path = MovieImageView.swift; sourceTree = "<group>"; };
		BB1883E929913A4400AC7BDA /* FilterMenu.swift */ = {isa = PBXFileReference; fileEncoding = 4; lastKnownFileType = sourcecode.swift; path = FilterMenu.swift; sourceTree = "<group>"; };
		BB1883EA29913A4400AC7BDA /* MovieTableViewCell.swift */ = {isa = PBXFileReference; fileEncoding = 4; lastKnownFileType = sourcecode.swift; path = MovieTableViewCell.swift; sourceTree = "<group>"; };
		BB1883EB29913A4400AC7BDA /* Data+Image.swift */ = {isa = PBXFileReference; fileEncoding = 4; lastKnownFileType = sourcecode.swift; path = "Data+Image.swift"; sourceTree = "<group>"; };
		BB1883FF29913A6200AC7BDA /* Main.storyboard */ = {isa = PBXFileReference; fileEncoding = 4; lastKnownFileType = file.storyboard; path = Main.storyboard; sourceTree = "<group>"; };
/* End PBXFileReference section */

/* Begin PBXFrameworksBuildPhase section */
		BB1883BB2991395C00AC7BDA /* Frameworks */ = {
			isa = PBXFrameworksBuildPhase;
			buildActionMask = 2147483647;
			files = (
			);
			runOnlyForDeploymentPostprocessing = 0;
		};
/* End PBXFrameworksBuildPhase section */

/* Begin PBXGroup section */
		BB1883B52991395C00AC7BDA = {
			isa = PBXGroup;
			children = (
				BB1883C02991395C00AC7BDA /* MoviesApp_Final */,
				BB1883BF2991395C00AC7BDA /* Products */,
			);
			sourceTree = "<group>";
		};
		BB1883BF2991395C00AC7BDA /* Products */ = {
			isa = PBXGroup;
			children = (
				BB1883BE2991395C00AC7BDA /* MoviesApp_Final.app */,
			);
			name = Products;
			sourceTree = "<group>";
		};
		BB1883C02991395C00AC7BDA /* MoviesApp_Final */ = {
			isa = PBXGroup;
			children = (
				BB1883C12991395C00AC7BDA /* AppDelegate.swift */,
				BB1883C32991395C00AC7BDA /* SceneDelegate.swift */,
				BB1883FF29913A6200AC7BDA /* Main.storyboard */,
				BB1883CD2991395D00AC7BDA /* Assets.xcassets */,
				BB1883CF2991395D00AC7BDA /* LaunchScreen.storyboard */,
				BB1883D22991395D00AC7BDA /* Info.plist */,
				BB1883D929913A4100AC7BDA /* APICaller.swift */,
				BB1883E629913A4300AC7BDA /* CoreDataManager.swift */,
				BB1883E129913A4200AC7BDA /* CoreDataStorage.swift */,
				BB1883EB29913A4400AC7BDA /* Data+Image.swift */,
				BBF009332994376100B90108 /* Controllers */,
				BB1883E929913A4400AC7BDA /* FilterMenu.swift */,
				BB1883DC29913A4100AC7BDA /* ImageLoader.swift */,
				BB1883E829913A4300AC7BDA /* MovieImageView.swift */,
				BBF009342994380200B90108 /* Model */,
				BB1883E229913A4200AC7BDA /* Movies.xcdatamodeld */,
				BB1883DA29913A4100AC7BDA /* MoviesTableVC+CoreDataDelegate.swift */,
				BB1883EA29913A4400AC7BDA /* MovieTableViewCell.swift */,
				BB1883D829913A4000AC7BDA /* String+Extension.swift */,
				BB1883DF29913A4200AC7BDA /* URLSession+Extension.swift */,
			);
			path = MoviesApp_Final;
			sourceTree = "<group>";
		};
		BBF009332994376100B90108 /* Controllers */ = {
			isa = PBXGroup;
			children = (
				BB1883E429913A4300AC7BDA /* MoviesTableViewController.swift */,
				BB1883DB29913A4100AC7BDA /* FavoritesTabViewController.swift */,
				BB1883DE29913A4200AC7BDA /* ShowDetailsVCViewController.swift */,
			);
			path = Controllers;
			sourceTree = "<group>";
		};
		BBF009342994380200B90108 /* Model */ = {
			isa = PBXGroup;
			children = (
				BB1883E729913A4300AC7BDA /* MovieDTO.swift */,
				BB1883E029913A4200AC7BDA /* MovieModel.swift */,
			);
			path = Model;
			sourceTree = "<group>";
		};
/* End PBXGroup section */

/* Begin PBXNativeTarget section */
		BB1883BD2991395C00AC7BDA /* MoviesApp_Final */ = {
			isa = PBXNativeTarget;
			buildConfigurationList = BB1883D52991395D00AC7BDA /* Build configuration list for PBXNativeTarget "MoviesApp_Final" */;
			buildPhases = (
				BB1883BA2991395C00AC7BDA /* Sources */,
				BB1883BB2991395C00AC7BDA /* Frameworks */,
				BB1883BC2991395C00AC7BDA /* Resources */,
			);
			buildRules = (
			);
			dependencies = (
			);
			name = MoviesApp_Final;
			productName = MoviesApp_Final;
			productReference = BB1883BE2991395C00AC7BDA /* MoviesApp_Final.app */;
			productType = "com.apple.product-type.application";
		};
/* End PBXNativeTarget section */

/* Begin PBXProject section */
		BB1883B62991395C00AC7BDA /* Project object */ = {
			isa = PBXProject;
			attributes = {
				BuildIndependentTargetsInParallel = 1;
				LastSwiftUpdateCheck = 1420;
				LastUpgradeCheck = 1420;
				TargetAttributes = {
					BB1883BD2991395C00AC7BDA = {
						CreatedOnToolsVersion = 14.2;
					};
				};
			};
			buildConfigurationList = BB1883B92991395C00AC7BDA /* Build configuration list for PBXProject "MoviesApp_Final" */;
			compatibilityVersion = "Xcode 14.0";
			developmentRegion = en;
			hasScannedForEncodings = 0;
			knownRegions = (
				en,
				Base,
			);
			mainGroup = BB1883B52991395C00AC7BDA;
			productRefGroup = BB1883BF2991395C00AC7BDA /* Products */;
			projectDirPath = "";
			projectRoot = "";
			targets = (
				BB1883BD2991395C00AC7BDA /* MoviesApp_Final */,
			);
		};
/* End PBXProject section */

/* Begin PBXResourcesBuildPhase section */
		BB1883BC2991395C00AC7BDA /* Resources */ = {
			isa = PBXResourcesBuildPhase;
			buildActionMask = 2147483647;
			files = (
				BB18840029913A6200AC7BDA /* Main.storyboard in Resources */,
				BB1883D12991395D00AC7BDA /* LaunchScreen.storyboard in Resources */,
				BB1883CE2991395D00AC7BDA /* Assets.xcassets in Resources */,
			);
			runOnlyForDeploymentPostprocessing = 0;
		};
/* End PBXResourcesBuildPhase section */

/* Begin PBXSourcesBuildPhase section */
		BB1883BA2991395C00AC7BDA /* Sources */ = {
			isa = PBXSourcesBuildPhase;
			buildActionMask = 2147483647;
			files = (
				BB1883EF29913A4400AC7BDA /* FavoritesTabViewController.swift in Sources */,
				BB1883FC29913A4400AC7BDA /* FilterMenu.swift in Sources */,
				BB1883FB29913A4400AC7BDA /* MovieImageView.swift in Sources */,
				BB1883F629913A4400AC7BDA /* Movies.xcdatamodeld in Sources */,
				BB1883F229913A4400AC7BDA /* ShowDetailsVCViewController.swift in Sources */,
				BB1883F729913A4400AC7BDA /* MoviesTableViewController.swift in Sources */,
				BB1883F929913A4400AC7BDA /* CoreDataManager.swift in Sources */,
				BB1883ED29913A4400AC7BDA /* APICaller.swift in Sources */,
				BB1883C22991395C00AC7BDA /* AppDelegate.swift in Sources */,
				BB1883F429913A4400AC7BDA /* MovieModel.swift in Sources */,
				BB1883F029913A4400AC7BDA /* ImageLoader.swift in Sources */,
				BB1883EE29913A4400AC7BDA /* MoviesTableVC+CoreDataDelegate.swift in Sources */,
				BB1883FE29913A4400AC7BDA /* Data+Image.swift in Sources */,
				BB1883F329913A4400AC7BDA /* URLSession+Extension.swift in Sources */,
				BB1883EC29913A4400AC7BDA /* String+Extension.swift in Sources */,
				BB1883C42991395C00AC7BDA /* SceneDelegate.swift in Sources */,
				BB1883FA29913A4400AC7BDA /* MovieDTO.swift in Sources */,
				BB1883F529913A4400AC7BDA /* CoreDataStorage.swift in Sources */,
				BB1883FD29913A4400AC7BDA /* MovieTableViewCell.swift in Sources */,
			);
			runOnlyForDeploymentPostprocessing = 0;
		};
/* End PBXSourcesBuildPhase section */

/* Begin PBXVariantGroup section */
		BB1883CF2991395D00AC7BDA /* LaunchScreen.storyboard */ = {
			isa = PBXVariantGroup;
			children = (
				BB1883D02991395D00AC7BDA /* Base */,
			);
			name = LaunchScreen.storyboard;
			sourceTree = "<group>";
		};
/* End PBXVariantGroup section */

/* Begin XCBuildConfiguration section */
		BB1883D32991395D00AC7BDA /* Debug */ = {
			isa = XCBuildConfiguration;
			buildSettings = {
				ALWAYS_SEARCH_USER_PATHS = NO;
				CLANG_ANALYZER_NONNULL = YES;
				CLANG_ANALYZER_NUMBER_OBJECT_CONVERSION = YES_AGGRESSIVE;
				CLANG_CXX_LANGUAGE_STANDARD = "gnu++20";
				CLANG_ENABLE_MODULES = YES;
				CLANG_ENABLE_OBJC_ARC = YES;
				CLANG_ENABLE_OBJC_WEAK = YES;
				CLANG_WARN_BLOCK_CAPTURE_AUTORELEASING = YES;
				CLANG_WARN_BOOL_CONVERSION = YES;
				CLANG_WARN_COMMA = YES;
				CLANG_WARN_CONSTANT_CONVERSION = YES;
				CLANG_WARN_DEPRECATED_OBJC_IMPLEMENTATIONS = YES;
				CLANG_WARN_DIRECT_OBJC_ISA_USAGE = YES_ERROR;
				CLANG_WARN_DOCUMENTATION_COMMENTS = YES;
				CLANG_WARN_EMPTY_BODY = YES;
				CLANG_WARN_ENUM_CONVERSION = YES;
				CLANG_WARN_INFINITE_RECURSION = YES;
				CLANG_WARN_INT_CONVERSION = YES;
				CLANG_WARN_NON_LITERAL_NULL_CONVERSION = YES;
				CLANG_WARN_OBJC_IMPLICIT_RETAIN_SELF = YES;
				CLANG_WARN_OBJC_LITERAL_CONVERSION = YES;
				CLANG_WARN_OBJC_ROOT_CLASS = YES_ERROR;
				CLANG_WARN_QUOTED_INCLUDE_IN_FRAMEWORK_HEADER = YES;
				CLANG_WARN_RANGE_LOOP_ANALYSIS = YES;
				CLANG_WARN_STRICT_PROTOTYPES = YES;
				CLANG_WARN_SUSPICIOUS_MOVE = YES;
				CLANG_WARN_UNGUARDED_AVAILABILITY = YES_AGGRESSIVE;
				CLANG_WARN_UNREACHABLE_CODE = YES;
				CLANG_WARN__DUPLICATE_METHOD_MATCH = YES;
				COPY_PHASE_STRIP = NO;
				DEBUG_INFORMATION_FORMAT = dwarf;
				ENABLE_STRICT_OBJC_MSGSEND = YES;
				ENABLE_TESTABILITY = YES;
				GCC_C_LANGUAGE_STANDARD = gnu11;
				GCC_DYNAMIC_NO_PIC = NO;
				GCC_NO_COMMON_BLOCKS = YES;
				GCC_OPTIMIZATION_LEVEL = 0;
				GCC_PREPROCESSOR_DEFINITIONS = (
					"DEBUG=1",
					"$(inherited)",
				);
				GCC_WARN_64_TO_32_BIT_CONVERSION = YES;
				GCC_WARN_ABOUT_RETURN_TYPE = YES_ERROR;
				GCC_WARN_UNDECLARED_SELECTOR = YES;
				GCC_WARN_UNINITIALIZED_AUTOS = YES_AGGRESSIVE;
				GCC_WARN_UNUSED_FUNCTION = YES;
				GCC_WARN_UNUSED_VARIABLE = YES;
				IPHONEOS_DEPLOYMENT_TARGET = 16.2;
				MTL_ENABLE_DEBUG_INFO = INCLUDE_SOURCE;
				MTL_FAST_MATH = YES;
				ONLY_ACTIVE_ARCH = YES;
				SDKROOT = iphoneos;
				SWIFT_ACTIVE_COMPILATION_CONDITIONS = DEBUG;
				SWIFT_OPTIMIZATION_LEVEL = "-Onone";
			};
			name = Debug;
		};
		BB1883D42991395D00AC7BDA /* Release */ = {
			isa = XCBuildConfiguration;
			buildSettings = {
				ALWAYS_SEARCH_USER_PATHS = NO;
				CLANG_ANALYZER_NONNULL = YES;
				CLANG_ANALYZER_NUMBER_OBJECT_CONVERSION = YES_AGGRESSIVE;
				CLANG_CXX_LANGUAGE_STANDARD = "gnu++20";
				CLANG_ENABLE_MODULES = YES;
				CLANG_ENABLE_OBJC_ARC = YES;
				CLANG_ENABLE_OBJC_WEAK = YES;
				CLANG_WARN_BLOCK_CAPTURE_AUTORELEASING = YES;
				CLANG_WARN_BOOL_CONVERSION = YES;
				CLANG_WARN_COMMA = YES;
				CLANG_WARN_CONSTANT_CONVERSION = YES;
				CLANG_WARN_DEPRECATED_OBJC_IMPLEMENTATIONS = YES;
				CLANG_WARN_DIRECT_OBJC_ISA_USAGE = YES_ERROR;
				CLANG_WARN_DOCUMENTATION_COMMENTS = YES;
				CLANG_WARN_EMPTY_BODY = YES;
				CLANG_WARN_ENUM_CONVERSION = YES;
				CLANG_WARN_INFINITE_RECURSION = YES;
				CLANG_WARN_INT_CONVERSION = YES;
				CLANG_WARN_NON_LITERAL_NULL_CONVERSION = YES;
				CLANG_WARN_OBJC_IMPLICIT_RETAIN_SELF = YES;
				CLANG_WARN_OBJC_LITERAL_CONVERSION = YES;
				CLANG_WARN_OBJC_ROOT_CLASS = YES_ERROR;
				CLANG_WARN_QUOTED_INCLUDE_IN_FRAMEWORK_HEADER = YES;
				CLANG_WARN_RANGE_LOOP_ANALYSIS = YES;
				CLANG_WARN_STRICT_PROTOTYPES = YES;
				CLANG_WARN_SUSPICIOUS_MOVE = YES;
				CLANG_WARN_UNGUARDED_AVAILABILITY = YES_AGGRESSIVE;
				CLANG_WARN_UNREACHABLE_CODE = YES;
				CLANG_WARN__DUPLICATE_METHOD_MATCH = YES;
				COPY_PHASE_STRIP = NO;
				DEBUG_INFORMATION_FORMAT = "dwarf-with-dsym";
				ENABLE_NS_ASSERTIONS = NO;
				ENABLE_STRICT_OBJC_MSGSEND = YES;
				GCC_C_LANGUAGE_STANDARD = gnu11;
				GCC_NO_COMMON_BLOCKS = YES;
				GCC_WARN_64_TO_32_BIT_CONVERSION = YES;
				GCC_WARN_ABOUT_RETURN_TYPE = YES_ERROR;
				GCC_WARN_UNDECLARED_SELECTOR = YES;
				GCC_WARN_UNINITIALIZED_AUTOS = YES_AGGRESSIVE;
				GCC_WARN_UNUSED_FUNCTION = YES;
				GCC_WARN_UNUSED_VARIABLE = YES;
				IPHONEOS_DEPLOYMENT_TARGET = 16.2;
				MTL_ENABLE_DEBUG_INFO = NO;
				MTL_FAST_MATH = YES;
				SDKROOT = iphoneos;
				SWIFT_COMPILATION_MODE = wholemodule;
				SWIFT_OPTIMIZATION_LEVEL = "-O";
				VALIDATE_PRODUCT = YES;
			};
			name = Release;
		};
		BB1883D62991395D00AC7BDA /* Debug */ = {
			isa = XCBuildConfiguration;
			buildSettings = {
				ASSETCATALOG_COMPILER_APPICON_NAME = AppIcon;
				ASSETCATALOG_COMPILER_GLOBAL_ACCENT_COLOR_NAME = AccentColor;
				CODE_SIGN_STYLE = Automatic;
				CURRENT_PROJECT_VERSION = 1;
				DEVELOPMENT_TEAM = 4T5J4YM525;
				GENERATE_INFOPLIST_FILE = YES;
				INFOPLIST_FILE = MoviesApp_Final/Info.plist;
				INFOPLIST_KEY_UIApplicationSupportsIndirectInputEvents = YES;
				INFOPLIST_KEY_UILaunchStoryboardName = LaunchScreen;
				INFOPLIST_KEY_UIMainStoryboardFile = Main;
				INFOPLIST_KEY_UISupportedInterfaceOrientations_iPad = "UIInterfaceOrientationPortrait UIInterfaceOrientationPortraitUpsideDown UIInterfaceOrientationLandscapeLeft UIInterfaceOrientationLandscapeRight";
				INFOPLIST_KEY_UISupportedInterfaceOrientations_iPhone = "UIInterfaceOrientationPortrait UIInterfaceOrientationLandscapeLeft UIInterfaceOrientationLandscapeRight";
				LD_RUNPATH_SEARCH_PATHS = (
					"$(inherited)",
					"@executable_path/Frameworks",
				);
				MARKETING_VERSION = 1.0;
				PRODUCT_BUNDLE_IDENTIFIER = "mentormateDevCamp.MoviesApp-Final";
				PRODUCT_NAME = "$(TARGET_NAME)";
				SWIFT_EMIT_LOC_STRINGS = YES;
				SWIFT_VERSION = 5.0;
				TARGETED_DEVICE_FAMILY = "1,2";
			};
			name = Debug;
		};
		BB1883D72991395D00AC7BDA /* Release */ = {
			isa = XCBuildConfiguration;
			buildSettings = {
				ASSETCATALOG_COMPILER_APPICON_NAME = AppIcon;
				ASSETCATALOG_COMPILER_GLOBAL_ACCENT_COLOR_NAME = AccentColor;
				CODE_SIGN_STYLE = Automatic;
				CURRENT_PROJECT_VERSION = 1;
				DEVELOPMENT_TEAM = 4T5J4YM525;
				GENERATE_INFOPLIST_FILE = YES;
				INFOPLIST_FILE = MoviesApp_Final/Info.plist;
				INFOPLIST_KEY_UIApplicationSupportsIndirectInputEvents = YES;
				INFOPLIST_KEY_UILaunchStoryboardName = LaunchScreen;
				INFOPLIST_KEY_UIMainStoryboardFile = Main;
				INFOPLIST_KEY_UISupportedInterfaceOrientations_iPad = "UIInterfaceOrientationPortrait UIInterfaceOrientationPortraitUpsideDown UIInterfaceOrientationLandscapeLeft UIInterfaceOrientationLandscapeRight";
				INFOPLIST_KEY_UISupportedInterfaceOrientations_iPhone = "UIInterfaceOrientationPortrait UIInterfaceOrientationLandscapeLeft UIInterfaceOrientationLandscapeRight";
				LD_RUNPATH_SEARCH_PATHS = (
					"$(inherited)",
					"@executable_path/Frameworks",
				);
				MARKETING_VERSION = 1.0;
				PRODUCT_BUNDLE_IDENTIFIER = "mentormateDevCamp.MoviesApp-Final";
				PRODUCT_NAME = "$(TARGET_NAME)";
				SWIFT_EMIT_LOC_STRINGS = YES;
				SWIFT_VERSION = 5.0;
				TARGETED_DEVICE_FAMILY = "1,2";
			};
			name = Release;
		};
/* End XCBuildConfiguration section */

/* Begin XCConfigurationList section */
		BB1883B92991395C00AC7BDA /* Build configuration list for PBXProject "MoviesApp_Final" */ = {
			isa = XCConfigurationList;
			buildConfigurations = (
				BB1883D32991395D00AC7BDA /* Debug */,
				BB1883D42991395D00AC7BDA /* Release */,
			);
			defaultConfigurationIsVisible = 0;
			defaultConfigurationName = Release;
		};
		BB1883D52991395D00AC7BDA /* Build configuration list for PBXNativeTarget "MoviesApp_Final" */ = {
			isa = XCConfigurationList;
			buildConfigurations = (
				BB1883D62991395D00AC7BDA /* Debug */,
				BB1883D72991395D00AC7BDA /* Release */,
			);
			defaultConfigurationIsVisible = 0;
			defaultConfigurationName = Release;
		};
/* End XCConfigurationList section */

/* Begin XCVersionGroup section */
		BB1883E229913A4200AC7BDA /* Movies.xcdatamodeld */ = {
			isa = XCVersionGroup;
			children = (
				BB1883E329913A4200AC7BDA /* TestMoviesApp.xcdatamodel */,
			);
			currentVersion = BB1883E329913A4200AC7BDA /* TestMoviesApp.xcdatamodel */;
			path = Movies.xcdatamodeld;
			sourceTree = "<group>";
			versionGroupType = wrapper.xcdatamodel;
		};
/* End XCVersionGroup section */
	};
	rootObject = BB1883B62991395C00AC7BDA /* Project object */;
}
